
Microsoft Visual Studio Solution File, Format Version 12.00
# Visual Studio 15
VisualStudioVersion = 15.0.27703.2035
MinimumVisualStudioVersion = 10.0.40219.1
Project("{FAE04EC0-301F-11D3-BF4B-00C04F79EFBC}") = "GravatarTest", "GravatarTest\GravatarTest.csproj", "{12069C58-C71E-43C2-930F-5E9E229516BC}"
EndProject
Global
	GlobalSection(SolutionConfigurationPlatforms) = preSolution
		Debug|Any CPU = Debug|Any CPU
		Release|Any CPU = Release|Any CPU
	EndGlobalSection
	GlobalSection(ProjectConfigurationPlatforms) = postSolution
		{12069C58-C71E-43C2-930F-5E9E229516BC}.Debug|Any CPU.ActiveCfg = Debug|Any CPU
		{12069C58-C71E-43C2-930F-5E9E229516BC}.Debug|Any CPU.Build.0 = Debug|Any CPU
		{12069C58-C71E-43C2-930F-5E9E229516BC}.Release|Any CPU.ActiveCfg = Release|Any CPU
		{12069C58-C71E-43C2-930F-5E9E229516BC}.Release|Any CPU.Build.0 = Release|Any CPU
	EndGlobalSection
	GlobalSection(SolutionProperties) = preSolution
		HideSolutionNode = FALSE
	EndGlobalSection
	GlobalSection(ExtensibilityGlobals) = postSolution
		SolutionGuid = {FBB03185-975E-4D02-8127-447D8EDC71AC}
	EndGlobalSection
EndGlobal
